
Microsoft Visual Studio Solution File, Format Version 12.00
# Visual Studio Version 17
VisualStudioVersion = 17.8.34511.84
MinimumVisualStudioVersion = 10.0.40219.1
Project("{9A19103F-16F7-4668-BE54-9A1E7A4F7556}") = "Week3", "Week3\Week3.csproj", "{8F39239C-5515-4933-AB7D-A14A6D13A5AE}"
EndProject
Project("{FAE04EC0-301F-11D3-BF4B-00C04F79EFBC}") = "OddOrEven", "AddOrEven\OddOrEven.csproj", "{B1649998-E142-46FA-A1CA-39445661002B}"
EndProject
Project("{FAE04EC0-301F-11D3-BF4B-00C04F79EFBC}") = "IfDayOfTheWeek", "IfDayOfTheWeek\IfDayOfTheWeek.csproj", "{FB9AFE69-E416-45BD-9D16-FBCB78AC7AEB}"
EndProject
Project("{FAE04EC0-301F-11D3-BF4B-00C04F79EFBC}") = "SwitchDayOfTheWeek", "SwitchDayOfTheWeek\SwitchDayOfTheWeek.csproj", "{61577CB3-1B9E-4B72-A300-0BAB2476E040}"
EndProject
Global
	GlobalSection(SolutionConfigurationPlatforms) = preSolution
		Debug|Any CPU = Debug|Any CPU
		Release|Any CPU = Release|Any CPU
	EndGlobalSection
	GlobalSection(ProjectConfigurationPlatforms) = postSolution
		{8F39239C-5515-4933-AB7D-A14A6D13A5AE}.Debug|Any CPU.ActiveCfg = Debug|Any CPU
		{8F39239C-5515-4933-AB7D-A14A6D13A5AE}.Debug|Any CPU.Build.0 = Debug|Any CPU
		{8F39239C-5515-4933-AB7D-A14A6D13A5AE}.Release|Any CPU.ActiveCfg = Release|Any CPU
		{8F39239C-5515-4933-AB7D-A14A6D13A5AE}.Release|Any CPU.Build.0 = Release|Any CPU
		{B1649998-E142-46FA-A1CA-39445661002B}.Debug|Any CPU.ActiveCfg = Debug|Any CPU
		{B1649998-E142-46FA-A1CA-39445661002B}.Debug|Any CPU.Build.0 = Debug|Any CPU
		{B1649998-E142-46FA-A1CA-39445661002B}.Release|Any CPU.ActiveCfg = Release|Any CPU
		{B1649998-E142-46FA-A1CA-39445661002B}.Release|Any CPU.Build.0 = Release|Any CPU
		{FB9AFE69-E416-45BD-9D16-FBCB78AC7AEB}.Debug|Any CPU.ActiveCfg = Debug|Any CPU
		{FB9AFE69-E416-45BD-9D16-FBCB78AC7AEB}.Debug|Any CPU.Build.0 = Debug|Any CPU
		{FB9AFE69-E416-45BD-9D16-FBCB78AC7AEB}.Release|Any CPU.ActiveCfg = Release|Any CPU
		{FB9AFE69-E416-45BD-9D16-FBCB78AC7AEB}.Release|Any CPU.Build.0 = Release|Any CPU
		{61577CB3-1B9E-4B72-A300-0BAB2476E040}.Debug|Any CPU.ActiveCfg = Debug|Any CPU
		{61577CB3-1B9E-4B72-A300-0BAB2476E040}.Debug|Any CPU.Build.0 = Debug|Any CPU
		{61577CB3-1B9E-4B72-A300-0BAB2476E040}.Release|Any CPU.ActiveCfg = Release|Any CPU
		{61577CB3-1B9E-4B72-A300-0BAB2476E040}.Release|Any CPU.Build.0 = Release|Any CPU
	EndGlobalSection
	GlobalSection(SolutionProperties) = preSolution
		HideSolutionNode = FALSE
	EndGlobalSection
	GlobalSection(ExtensibilityGlobals) = postSolution
		SolutionGuid = {7E330520-6519-4889-902F-EAC6C066AF4B}
	EndGlobalSection
EndGlobal
